// !$*UTF8*$!
{
	archiveVersion = 1;
	classes = {
	};
	objectVersion = 48;
	objects = {

/* Begin PBXBuildFile section */
		592341C31F780ED800376CF1 /* AppDelegate.swift in Sources */ = {isa = PBXBuildFile; fileRef = 592341C21F780ED800376CF1 /* AppDelegate.swift */; };
		592341C51F780ED800376CF1 /* ViewController.swift in Sources */ = {isa = PBXBuildFile; fileRef = 592341C41F780ED800376CF1 /* ViewController.swift */; };
		592341C81F780ED800376CF1 /* Main.storyboard in Resources */ = {isa = PBXBuildFile; fileRef = 592341C61F780ED800376CF1 /* Main.storyboard */; };
		592341CA1F780ED800376CF1 /* Assets.xcassets in Resources */ = {isa = PBXBuildFile; fileRef = 592341C91F780ED800376CF1 /* Assets.xcassets */; };
		592341CD1F780ED800376CF1 /* LaunchScreen.storyboard in Resources */ = {isa = PBXBuildFile; fileRef = 592341CB1F780ED800376CF1 /* LaunchScreen.storyboard */; };
		592341D51F78155300376CF1 /* MenuViewController.swift in Sources */ = {isa = PBXBuildFile; fileRef = 592341D41F78155300376CF1 /* MenuViewController.swift */; };
		592341E51F7825C600376CF1 /* ImageHeaderView.swift in Sources */ = {isa = PBXBuildFile; fileRef = 592341D91F7825C600376CF1 /* ImageHeaderView.swift */; };
		592341E61F7825C600376CF1 /* ImageHeaderView.xib in Resources */ = {isa = PBXBuildFile; fileRef = 592341DA1F7825C600376CF1 /* ImageHeaderView.xib */; };
		592341E71F7825C600376CF1 /* Menu_Section_TableViewCell.swift in Sources */ = {isa = PBXBuildFile; fileRef = 592341DB1F7825C600376CF1 /* Menu_Section_TableViewCell.swift */; };
		592341E81F7825C600376CF1 /* Menu_Section_TableViewCell.xib in Resources */ = {isa = PBXBuildFile; fileRef = 592341DC1F7825C600376CF1 /* Menu_Section_TableViewCell.xib */; };
		592341E91F7825C600376CF1 /* MenuSectionView.swift in Sources */ = {isa = PBXBuildFile; fileRef = 592341DE1F7825C600376CF1 /* MenuSectionView.swift */; };
		592341EA1F7825C600376CF1 /* MenuSectionView.xib in Resources */ = {isa = PBXBuildFile; fileRef = 592341DF1F7825C600376CF1 /* MenuSectionView.xib */; };
		592341EB1F7825C600376CF1 /* MenuSubsectionView.swift in Sources */ = {isa = PBXBuildFile; fileRef = 592341E11F7825C600376CF1 /* MenuSubsectionView.swift */; };
		592341EC1F7825C600376CF1 /* MenuSubsectionView.xib in Resources */ = {isa = PBXBuildFile; fileRef = 592341E21F7825C600376CF1 /* MenuSubsectionView.xib */; };
		592341ED1F7825C600376CF1 /* MenuScrollView.swift in Sources */ = {isa = PBXBuildFile; fileRef = 592341E31F7825C600376CF1 /* MenuScrollView.swift */; };
		592341EE1F7825C600376CF1 /* MenuView.swift in Sources */ = {isa = PBXBuildFile; fileRef = 592341E41F7825C600376CF1 /* MenuView.swift */; };
		592341F11F78273200376CF1 /* LayerView.swift in Sources */ = {isa = PBXBuildFile; fileRef = 592341F01F78273200376CF1 /* LayerView.swift */; };
		592341F31F7827A500376CF1 /* UIView+JGCExtension.swift in Sources */ = {isa = PBXBuildFile; fileRef = 592341F21F7827A500376CF1 /* UIView+JGCExtension.swift */; };
		592341F61F7827FC00376CF1 /* UIImage+JGCExtension.swift in Sources */ = {isa = PBXBuildFile; fileRef = 592341F51F7827FC00376CF1 /* UIImage+JGCExtension.swift */; };
		592341F81F78287800376CF1 /* String+JGCExtension.swift in Sources */ = {isa = PBXBuildFile; fileRef = 592341F71F78287800376CF1 /* String+JGCExtension.swift */; };
		594C8E0E1F8A27B0006D5C0B /* NSDictionary+JGCExtension.swift in Sources */ = {isa = PBXBuildFile; fileRef = 594C8E0D1F8A27B0006D5C0B /* NSDictionary+JGCExtension.swift */; };
		832215106F245A7661ECB2AD /* Pods_JGCLateralMenu.framework in Frameworks */ = {isa = PBXBuildFile; fileRef = BDD1A186A1666088019F0371 /* Pods_JGCLateralMenu.framework */; };
/* End PBXBuildFile section */

/* Begin PBXFileReference section */
		22E1A46CADB0D5655484799A /* Pods-JGCLateralMenu.release.xcconfig */ = {isa = PBXFileReference; includeInIndex = 1; lastKnownFileType = text.xcconfig; name = "Pods-JGCLateralMenu.release.xcconfig"; path = "Pods/Target Support Files/Pods-JGCLateralMenu/Pods-JGCLateralMenu.release.xcconfig"; sourceTree = "<group>"; };
		592341BF1F780ED800376CF1 /* JGCLateralMenu.app */ = {isa = PBXFileReference; explicitFileType = wrapper.application; includeInIndex = 0; path = JGCLateralMenu.app; sourceTree = BUILT_PRODUCTS_DIR; };
		592341C21F780ED800376CF1 /* AppDelegate.swift */ = {isa = PBXFileReference; lastKnownFileType = sourcecode.swift; path = AppDelegate.swift; sourceTree = "<group>"; };
		592341C41F780ED800376CF1 /* ViewController.swift */ = {isa = PBXFileReference; lastKnownFileType = sourcecode.swift; path = ViewController.swift; sourceTree = "<group>"; };
		592341C71F780ED800376CF1 /* Base */ = {isa = PBXFileReference; lastKnownFileType = file.storyboard; name = Base; path = Base.lproj/Main.storyboard; sourceTree = "<group>"; };
		592341C91F780ED800376CF1 /* Assets.xcassets */ = {isa = PBXFileReference; lastKnownFileType = folder.assetcatalog; path = Assets.xcassets; sourceTree = "<group>"; };
		592341CC1F780ED800376CF1 /* Base */ = {isa = PBXFileReference; lastKnownFileType = file.storyboard; name = Base; path = Base.lproj/LaunchScreen.storyboard; sourceTree = "<group>"; };
		592341CE1F780ED800376CF1 /* Info.plist */ = {isa = PBXFileReference; lastKnownFileType = text.plist.xml; path = Info.plist; sourceTree = "<group>"; };
		592341D41F78155300376CF1 /* MenuViewController.swift */ = {isa = PBXFileReference; lastKnownFileType = sourcecode.swift; path = MenuViewController.swift; sourceTree = "<group>"; };
		592341D91F7825C600376CF1 /* ImageHeaderView.swift */ = {isa = PBXFileReference; fileEncoding = 4; lastKnownFileType = sourcecode.swift; path = ImageHeaderView.swift; sourceTree = "<group>"; };
		592341DA1F7825C600376CF1 /* ImageHeaderView.xib */ = {isa = PBXFileReference; fileEncoding = 4; lastKnownFileType = file.xib; path = ImageHeaderView.xib; sourceTree = "<group>"; };
		592341DB1F7825C600376CF1 /* Menu_Section_TableViewCell.swift */ = {isa = PBXFileReference; fileEncoding = 4; lastKnownFileType = sourcecode.swift; path = Menu_Section_TableViewCell.swift; sourceTree = "<group>"; };
		592341DC1F7825C600376CF1 /* Menu_Section_TableViewCell.xib */ = {isa = PBXFileReference; fileEncoding = 4; lastKnownFileType = file.xib; path = Menu_Section_TableViewCell.xib; sourceTree = "<group>"; };
		592341DE1F7825C600376CF1 /* MenuSectionView.swift */ = {isa = PBXFileReference; fileEncoding = 4; lastKnownFileType = sourcecode.swift; path = MenuSectionView.swift; sourceTree = "<group>"; };
		592341DF1F7825C600376CF1 /* MenuSectionView.xib */ = {isa = PBXFileReference; fileEncoding = 4; lastKnownFileType = file.xib; path = MenuSectionView.xib; sourceTree = "<group>"; };
		592341E11F7825C600376CF1 /* MenuSubsectionView.swift */ = {isa = PBXFileReference; fileEncoding = 4; lastKnownFileType = sourcecode.swift; path = MenuSubsectionView.swift; sourceTree = "<group>"; };
		592341E21F7825C600376CF1 /* MenuSubsectionView.xib */ = {isa = PBXFileReference; fileEncoding = 4; lastKnownFileType = file.xib; path = MenuSubsectionView.xib; sourceTree = "<group>"; };
		592341E31F7825C600376CF1 /* MenuScrollView.swift */ = {isa = PBXFileReference; fileEncoding = 4; lastKnownFileType = sourcecode.swift; path = MenuScrollView.swift; sourceTree = "<group>"; };
		592341E41F7825C600376CF1 /* MenuView.swift */ = {isa = PBXFileReference; fileEncoding = 4; lastKnownFileType = sourcecode.swift; path = MenuView.swift; sourceTree = "<group>"; };
		592341F01F78273200376CF1 /* LayerView.swift */ = {isa = PBXFileReference; fileEncoding = 4; lastKnownFileType = sourcecode.swift; path = LayerView.swift; sourceTree = "<group>"; };
		592341F21F7827A500376CF1 /* UIView+JGCExtension.swift */ = {isa = PBXFileReference; lastKnownFileType = sourcecode.swift; path = "UIView+JGCExtension.swift"; sourceTree = "<group>"; };
		592341F51F7827FC00376CF1 /* UIImage+JGCExtension.swift */ = {isa = PBXFileReference; lastKnownFileType = sourcecode.swift; path = "UIImage+JGCExtension.swift"; sourceTree = "<group>"; };
		592341F71F78287800376CF1 /* String+JGCExtension.swift */ = {isa = PBXFileReference; lastKnownFileType = sourcecode.swift; path = "String+JGCExtension.swift"; sourceTree = "<group>"; };
		594C8E0D1F8A27B0006D5C0B /* NSDictionary+JGCExtension.swift */ = {isa = PBXFileReference; lastKnownFileType = sourcecode.swift; path = "NSDictionary+JGCExtension.swift"; sourceTree = "<group>"; };
		BDD1A186A1666088019F0371 /* Pods_JGCLateralMenu.framework */ = {isa = PBXFileReference; explicitFileType = wrapper.framework; includeInIndex = 0; path = Pods_JGCLateralMenu.framework; sourceTree = BUILT_PRODUCTS_DIR; };
		BE7A57E5FCD6FD471AC13656 /* Pods-JGCLateralMenu.debug.xcconfig */ = {isa = PBXFileReference; includeInIndex = 1; lastKnownFileType = text.xcconfig; name = "Pods-JGCLateralMenu.debug.xcconfig"; path = "Pods/Target Support Files/Pods-JGCLateralMenu/Pods-JGCLateralMenu.debug.xcconfig"; sourceTree = "<group>"; };
/* End PBXFileReference section */

/* Begin PBXFrameworksBuildPhase section */
		592341BC1F780ED800376CF1 /* Frameworks */ = {
			isa = PBXFrameworksBuildPhase;
			buildActionMask = 2147483647;
			files = (
				832215106F245A7661ECB2AD /* Pods_JGCLateralMenu.framework in Frameworks */,
			);
			runOnlyForDeploymentPostprocessing = 0;
		};
/* End PBXFrameworksBuildPhase section */

/* Begin PBXGroup section */
		09AE2EAF7CBB012A11879A88 /* Frameworks */ = {
			isa = PBXGroup;
			children = (
				BDD1A186A1666088019F0371 /* Pods_JGCLateralMenu.framework */,
			);
			name = Frameworks;
			sourceTree = "<group>";
		};
		4594B8B0CB13FCEAAA83772F /* Pods */ = {
			isa = PBXGroup;
			children = (
				BE7A57E5FCD6FD471AC13656 /* Pods-JGCLateralMenu.debug.xcconfig */,
				22E1A46CADB0D5655484799A /* Pods-JGCLateralMenu.release.xcconfig */,
			);
			name = Pods;
			sourceTree = "<group>";
		};
		592341B61F780ED800376CF1 = {
			isa = PBXGroup;
			children = (
				592341C11F780ED800376CF1 /* JGCLateralMenu */,
				592341C01F780ED800376CF1 /* Products */,
				4594B8B0CB13FCEAAA83772F /* Pods */,
				09AE2EAF7CBB012A11879A88 /* Frameworks */,
			);
			sourceTree = "<group>";
		};
		592341C01F780ED800376CF1 /* Products */ = {
			isa = PBXGroup;
			children = (
				592341BF1F780ED800376CF1 /* JGCLateralMenu.app */,
			);
			name = Products;
			sourceTree = "<group>";
		};
		592341C11F780ED800376CF1 /* JGCLateralMenu */ = {
			isa = PBXGroup;
			children = (
				592341F41F7827EC00376CF1 /* Extensions */,
				592341EF1F78270C00376CF1 /* Components */,
				592341D61F7825C600376CF1 /* MenuView */,
				592341C21F780ED800376CF1 /* AppDelegate.swift */,
				592341C41F780ED800376CF1 /* ViewController.swift */,
				592341D41F78155300376CF1 /* MenuViewController.swift */,
				592341C61F780ED800376CF1 /* Main.storyboard */,
				592341CB1F780ED800376CF1 /* LaunchScreen.storyboard */,
				592341CE1F780ED800376CF1 /* Info.plist */,
				592341C91F780ED800376CF1 /* Assets.xcassets */,
			);
			path = JGCLateralMenu;
			sourceTree = "<group>";
		};
		592341D61F7825C600376CF1 /* MenuView */ = {
			isa = PBXGroup;
			children = (
				592341D71F7825C600376CF1 /* Cells */,
				592341E31F7825C600376CF1 /* MenuScrollView.swift */,
				592341E41F7825C600376CF1 /* MenuView.swift */,
			);
			path = MenuView;
			sourceTree = "<group>";
		};
		592341D71F7825C600376CF1 /* Cells */ = {
			isa = PBXGroup;
			children = (
				592341D81F7825C600376CF1 /* ImageHeaderView */,
				592341DB1F7825C600376CF1 /* Menu_Section_TableViewCell.swift */,
				592341DC1F7825C600376CF1 /* Menu_Section_TableViewCell.xib */,
				592341DD1F7825C600376CF1 /* MenuSectionView */,
				592341E01F7825C600376CF1 /* MenuSubsectionView */,
			);
			path = Cells;
			sourceTree = "<group>";
		};
		592341D81F7825C600376CF1 /* ImageHeaderView */ = {
			isa = PBXGroup;
			children = (
				592341D91F7825C600376CF1 /* ImageHeaderView.swift */,
				592341DA1F7825C600376CF1 /* ImageHeaderView.xib */,
			);
			path = ImageHeaderView;
			sourceTree = "<group>";
		};
		592341DD1F7825C600376CF1 /* MenuSectionView */ = {
			isa = PBXGroup;
			children = (
				592341DE1F7825C600376CF1 /* MenuSectionView.swift */,
				592341DF1F7825C600376CF1 /* MenuSectionView.xib */,
			);
			path = MenuSectionView;
			sourceTree = "<group>";
		};
		592341E01F7825C600376CF1 /* MenuSubsectionView */ = {
			isa = PBXGroup;
			children = (
				592341E11F7825C600376CF1 /* MenuSubsectionView.swift */,
				592341E21F7825C600376CF1 /* MenuSubsectionView.xib */,
			);
			path = MenuSubsectionView;
			sourceTree = "<group>";
		};
		592341EF1F78270C00376CF1 /* Components */ = {
			isa = PBXGroup;
			children = (
				592341F01F78273200376CF1 /* LayerView.swift */,
			);
			path = Components;
			sourceTree = "<group>";
		};
		592341F41F7827EC00376CF1 /* Extensions */ = {
			isa = PBXGroup;
			children = (
				592341F51F7827FC00376CF1 /* UIImage+JGCExtension.swift */,
				592341F21F7827A500376CF1 /* UIView+JGCExtension.swift */,
				592341F71F78287800376CF1 /* String+JGCExtension.swift */,
				594C8E0D1F8A27B0006D5C0B /* NSDictionary+JGCExtension.swift */,
			);
			path = Extensions;
			sourceTree = "<group>";
		};
/* End PBXGroup section */

/* Begin PBXNativeTarget section */
		592341BE1F780ED800376CF1 /* JGCLateralMenu */ = {
			isa = PBXNativeTarget;
			buildConfigurationList = 592341D11F780ED800376CF1 /* Build configuration list for PBXNativeTarget "JGCLateralMenu" */;
			buildPhases = (
				5EA4E6675A730A333CDF3D4A /* [CP] Check Pods Manifest.lock */,
				592341BB1F780ED800376CF1 /* Sources */,
				592341BC1F780ED800376CF1 /* Frameworks */,
				592341BD1F780ED800376CF1 /* Resources */,
				E33CAFFAC85173DA73F904ED /* [CP] Embed Pods Frameworks */,
				48E2C288D7D30E34E119C3CD /* [CP] Copy Pods Resources */,
			);
			buildRules = (
			);
			dependencies = (
			);
			name = JGCLateralMenu;
			productName = JGCLateralMenu;
			productReference = 592341BF1F780ED800376CF1 /* JGCLateralMenu.app */;
			productType = "com.apple.product-type.application";
		};
/* End PBXNativeTarget section */

/* Begin PBXProject section */
		592341B71F780ED800376CF1 /* Project object */ = {
			isa = PBXProject;
			attributes = {
				LastSwiftUpdateCheck = 0900;
				LastUpgradeCheck = 0900;
				ORGANIZATIONNAME = "Javier Garcia Castro";
				TargetAttributes = {
					592341BE1F780ED800376CF1 = {
						CreatedOnToolsVersion = 9.0;
						ProvisioningStyle = Automatic;
					};
				};
			};
			buildConfigurationList = 592341BA1F780ED800376CF1 /* Build configuration list for PBXProject "JGCLateralMenu" */;
			compatibilityVersion = "Xcode 8.0";
			developmentRegion = en;
			hasScannedForEncodings = 0;
			knownRegions = (
				en,
				Base,
			);
			mainGroup = 592341B61F780ED800376CF1;
			productRefGroup = 592341C01F780ED800376CF1 /* Products */;
			projectDirPath = "";
			projectRoot = "";
			targets = (
				592341BE1F780ED800376CF1 /* JGCLateralMenu */,
			);
		};
/* End PBXProject section */

/* Begin PBXResourcesBuildPhase section */
		592341BD1F780ED800376CF1 /* Resources */ = {
			isa = PBXResourcesBuildPhase;
			buildActionMask = 2147483647;
			files = (
				592341CD1F780ED800376CF1 /* LaunchScreen.storyboard in Resources */,
				592341CA1F780ED800376CF1 /* Assets.xcassets in Resources */,
				592341E81F7825C600376CF1 /* Menu_Section_TableViewCell.xib in Resources */,
				592341EA1F7825C600376CF1 /* MenuSectionView.xib in Resources */,
				592341EC1F7825C600376CF1 /* MenuSubsectionView.xib in Resources */,
				592341C81F780ED800376CF1 /* Main.storyboard in Resources */,
				592341E61F7825C600376CF1 /* ImageHeaderView.xib in Resources */,
			);
			runOnlyForDeploymentPostprocessing = 0;
		};
/* End PBXResourcesBuildPhase section */

/* Begin PBXShellScriptBuildPhase section */
		48E2C288D7D30E34E119C3CD /* [CP] Copy Pods Resources */ = {
			isa = PBXShellScriptBuildPhase;
			buildActionMask = 2147483647;
			files = (
			);
			inputPaths = (
			);
			name = "[CP] Copy Pods Resources";
			outputPaths = (
			);
			runOnlyForDeploymentPostprocessing = 0;
			shellPath = /bin/sh;
			shellScript = "\"${SRCROOT}/Pods/Target Support Files/Pods-JGCLateralMenu/Pods-JGCLateralMenu-resources.sh\"\n";
			showEnvVarsInLog = 0;
		};
		5EA4E6675A730A333CDF3D4A /* [CP] Check Pods Manifest.lock */ = {
			isa = PBXShellScriptBuildPhase;
			buildActionMask = 2147483647;
			files = (
			);
			inputPaths = (
			);
			name = "[CP] Check Pods Manifest.lock";
			outputPaths = (
			);
			runOnlyForDeploymentPostprocessing = 0;
			shellPath = /bin/sh;
			shellScript = "diff \"${PODS_ROOT}/../Podfile.lock\" \"${PODS_ROOT}/Manifest.lock\" > /dev/null\nif [ $? != 0 ] ; then\n    # print error to STDERR\n    echo \"error: The sandbox is not in sync with the Podfile.lock. Run 'pod install' or update your CocoaPods installation.\" >&2\n    exit 1\nfi\n";
			showEnvVarsInLog = 0;
		};
		E33CAFFAC85173DA73F904ED /* [CP] Embed Pods Frameworks */ = {
			isa = PBXShellScriptBuildPhase;
			buildActionMask = 2147483647;
			files = (
			);
			inputPaths = (
			);
			name = "[CP] Embed Pods Frameworks";
			outputPaths = (
			);
			runOnlyForDeploymentPostprocessing = 0;
			shellPath = /bin/sh;
			shellScript = "\"${SRCROOT}/Pods/Target Support Files/Pods-JGCLateralMenu/Pods-JGCLateralMenu-frameworks.sh\"\n";
			showEnvVarsInLog = 0;
		};
/* End PBXShellScriptBuildPhase section */

/* Begin PBXSourcesBuildPhase section */
		592341BB1F780ED800376CF1 /* Sources */ = {
			isa = PBXSourcesBuildPhase;
			buildActionMask = 2147483647;
			files = (
				592341C51F780ED800376CF1 /* ViewController.swift in Sources */,
				592341D51F78155300376CF1 /* MenuViewController.swift in Sources */,
				592341F61F7827FC00376CF1 /* UIImage+JGCExtension.swift in Sources */,
				592341F11F78273200376CF1 /* LayerView.swift in Sources */,
				592341E71F7825C600376CF1 /* Menu_Section_TableViewCell.swift in Sources */,
				592341C31F780ED800376CF1 /* AppDelegate.swift in Sources */,
				592341EE1F7825C600376CF1 /* MenuView.swift in Sources */,
				594C8E0E1F8A27B0006D5C0B /* NSDictionary+JGCExtension.swift in Sources */,
				592341F81F78287800376CF1 /* String+JGCExtension.swift in Sources */,
				592341E51F7825C600376CF1 /* ImageHeaderView.swift in Sources */,
				592341E91F7825C600376CF1 /* MenuSectionView.swift in Sources */,
				592341ED1F7825C600376CF1 /* MenuScrollView.swift in Sources */,
				592341F31F7827A500376CF1 /* UIView+JGCExtension.swift in Sources */,
				592341EB1F7825C600376CF1 /* MenuSubsectionView.swift in Sources */,
			);
			runOnlyForDeploymentPostprocessing = 0;
		};
/* End PBXSourcesBuildPhase section */

/* Begin PBXVariantGroup section */
		592341C61F780ED800376CF1 /* Main.storyboard */ = {
			isa = PBXVariantGroup;
			children = (
				592341C71F780ED800376CF1 /* Base */,
			);
			name = Main.storyboard;
			sourceTree = "<group>";
		};
		592341CB1F780ED800376CF1 /* LaunchScreen.storyboard */ = {
			isa = PBXVariantGroup;
			children = (
				592341CC1F780ED800376CF1 /* Base */,
			);
			name = LaunchScreen.storyboard;
			sourceTree = "<group>";
		};
/* End PBXVariantGroup section */

/* Begin XCBuildConfiguration section */
		592341CF1F780ED800376CF1 /* Debug */ = {
			isa = XCBuildConfiguration;
			buildSettings = {
				ALWAYS_SEARCH_USER_PATHS = NO;
				CLANG_ANALYZER_NONNULL = YES;
				CLANG_ANALYZER_NUMBER_OBJECT_CONVERSION = YES_AGGRESSIVE;
				CLANG_CXX_LANGUAGE_STANDARD = "gnu++14";
				CLANG_CXX_LIBRARY = "libc++";
				CLANG_ENABLE_MODULES = YES;
				CLANG_ENABLE_OBJC_ARC = YES;
				CLANG_WARN_BLOCK_CAPTURE_AUTORELEASING = YES;
				CLANG_WARN_BOOL_CONVERSION = YES;
				CLANG_WARN_COMMA = YES;
				CLANG_WARN_CONSTANT_CONVERSION = YES;
				CLANG_WARN_DIRECT_OBJC_ISA_USAGE = YES_ERROR;
				CLANG_WARN_DOCUMENTATION_COMMENTS = YES;
				CLANG_WARN_EMPTY_BODY = YES;
				CLANG_WARN_ENUM_CONVERSION = YES;
				CLANG_WARN_INFINITE_RECURSION = YES;
				CLANG_WARN_INT_CONVERSION = YES;
				CLANG_WARN_NON_LITERAL_NULL_CONVERSION = YES;
				CLANG_WARN_OBJC_LITERAL_CONVERSION = YES;
				CLANG_WARN_OBJC_ROOT_CLASS = YES_ERROR;
				CLANG_WARN_RANGE_LOOP_ANALYSIS = YES;
				CLANG_WARN_STRICT_PROTOTYPES = YES;
				CLANG_WARN_SUSPICIOUS_MOVE = YES;
				CLANG_WARN_UNGUARDED_AVAILABILITY = YES_AGGRESSIVE;
				CLANG_WARN_UNREACHABLE_CODE = YES;
				CLANG_WARN__DUPLICATE_METHOD_MATCH = YES;
				CODE_SIGN_IDENTITY = "iPhone Developer";
				COPY_PHASE_STRIP = NO;
				DEBUG_INFORMATION_FORMAT = dwarf;
				ENABLE_STRICT_OBJC_MSGSEND = YES;
				ENABLE_TESTABILITY = YES;
				GCC_C_LANGUAGE_STANDARD = gnu11;
				GCC_DYNAMIC_NO_PIC = NO;
				GCC_NO_COMMON_BLOCKS = YES;
				GCC_OPTIMIZATION_LEVEL = 0;
				GCC_PREPROCESSOR_DEFINITIONS = (
					"DEBUG=1",
					"$(inherited)",
				);
				GCC_WARN_64_TO_32_BIT_CONVERSION = YES;
				GCC_WARN_ABOUT_RETURN_TYPE = YES_ERROR;
				GCC_WARN_UNDECLARED_SELECTOR = YES;
				GCC_WARN_UNINITIALIZED_AUTOS = YES_AGGRESSIVE;
				GCC_WARN_UNUSED_FUNCTION = YES;
				GCC_WARN_UNUSED_VARIABLE = YES;
				IPHONEOS_DEPLOYMENT_TARGET = 11.0;
				MTL_ENABLE_DEBUG_INFO = YES;
				ONLY_ACTIVE_ARCH = YES;
				SDKROOT = iphoneos;
				SWIFT_ACTIVE_COMPILATION_CONDITIONS = DEBUG;
				SWIFT_OPTIMIZATION_LEVEL = "-Onone";
			};
			name = Debug;
		};
		592341D01F780ED800376CF1 /* Release */ = {
			isa = XCBuildConfiguration;
			buildSettings = {
				ALWAYS_SEARCH_USER_PATHS = NO;
				CLANG_ANALYZER_NONNULL = YES;
				CLANG_ANALYZER_NUMBER_OBJECT_CONVERSION = YES_AGGRESSIVE;
				CLANG_CXX_LANGUAGE_STANDARD = "gnu++14";
				CLANG_CXX_LIBRARY = "libc++";
				CLANG_ENABLE_MODULES = YES;
				CLANG_ENABLE_OBJC_ARC = YES;
				CLANG_WARN_BLOCK_CAPTURE_AUTORELEASING = YES;
				CLANG_WARN_BOOL_CONVERSION = YES;
				CLANG_WARN_COMMA = YES;
				CLANG_WARN_CONSTANT_CONVERSION = YES;
				CLANG_WARN_DIRECT_OBJC_ISA_USAGE = YES_ERROR;
				CLANG_WARN_DOCUMENTATION_COMMENTS = YES;
				CLANG_WARN_EMPTY_BODY = YES;
				CLANG_WARN_ENUM_CONVERSION = YES;
				CLANG_WARN_INFINITE_RECURSION = YES;
				CLANG_WARN_INT_CONVERSION = YES;
				CLANG_WARN_NON_LITERAL_NULL_CONVERSION = YES;
				CLANG_WARN_OBJC_LITERAL_CONVERSION = YES;
				CLANG_WARN_OBJC_ROOT_CLASS = YES_ERROR;
				CLANG_WARN_RANGE_LOOP_ANALYSIS = YES;
				CLANG_WARN_STRICT_PROTOTYPES = YES;
				CLANG_WARN_SUSPICIOUS_MOVE = YES;
				CLANG_WARN_UNGUARDED_AVAILABILITY = YES_AGGRESSIVE;
				CLANG_WARN_UNREACHABLE_CODE = YES;
				CLANG_WARN__DUPLICATE_METHOD_MATCH = YES;
				CODE_SIGN_IDENTITY = "iPhone Developer";
				COPY_PHASE_STRIP = NO;
				DEBUG_INFORMATION_FORMAT = "dwarf-with-dsym";
				ENABLE_NS_ASSERTIONS = NO;
				ENABLE_STRICT_OBJC_MSGSEND = YES;
				GCC_C_LANGUAGE_STANDARD = gnu11;
				GCC_NO_COMMON_BLOCKS = YES;
				GCC_WARN_64_TO_32_BIT_CONVERSION = YES;
				GCC_WARN_ABOUT_RETURN_TYPE = YES_ERROR;
				GCC_WARN_UNDECLARED_SELECTOR = YES;
				GCC_WARN_UNINITIALIZED_AUTOS = YES_AGGRESSIVE;
				GCC_WARN_UNUSED_FUNCTION = YES;
				GCC_WARN_UNUSED_VARIABLE = YES;
				IPHONEOS_DEPLOYMENT_TARGET = 11.0;
				MTL_ENABLE_DEBUG_INFO = NO;
				SDKROOT = iphoneos;
				SWIFT_OPTIMIZATION_LEVEL = "-Owholemodule";
				VALIDATE_PRODUCT = YES;
			};
			name = Release;
		};
		592341D21F780ED800376CF1 /* Debug */ = {
			isa = XCBuildConfiguration;
			baseConfigurationReference = BE7A57E5FCD6FD471AC13656 /* Pods-JGCLateralMenu.debug.xcconfig */;
			buildSettings = {
				ASSETCATALOG_COMPILER_APPICON_NAME = AppIcon;
				CODE_SIGN_STYLE = Automatic;
				DEVELOPMENT_TEAM = 8LR35SS5W3;
				INFOPLIST_FILE = JGCLateralMenu/Info.plist;
				IPHONEOS_DEPLOYMENT_TARGET = 10.3;
				LD_RUNPATH_SEARCH_PATHS = "$(inherited) @executable_path/Frameworks";
				PRODUCT_BUNDLE_IDENTIFIER = com.JGC.JGCLateralMenu;
				PRODUCT_NAME = "$(TARGET_NAME)";
				SWIFT_VERSION = 4.0;
				TARGETED_DEVICE_FAMILY = "1,2";
			};
			name = Debug;
		};
		592341D31F780ED800376CF1 /* Release */ = {
			isa = XCBuildConfiguration;
			baseConfigurationReference = 22E1A46CADB0D5655484799A /* Pods-JGCLateralMenu.release.xcconfig */;
			buildSettings = {
				ASSETCATALOG_COMPILER_APPICON_NAME = AppIcon;
				CODE_SIGN_STYLE = Automatic;
				DEVELOPMENT_TEAM = 8LR35SS5W3;
				INFOPLIST_FILE = JGCLateralMenu/Info.plist;
				IPHONEOS_DEPLOYMENT_TARGET = 10.3;
				LD_RUNPATH_SEARCH_PATHS = "$(inherited) @executable_path/Frameworks";
				PRODUCT_BUNDLE_IDENTIFIER = com.JGC.JGCLateralMenu;
				PRODUCT_NAME = "$(TARGET_NAME)";
				SWIFT_VERSION = 4.0;
				TARGETED_DEVICE_FAMILY = "1,2";
			};
			name = Release;
		};
/* End XCBuildConfiguration section */

/* Begin XCConfigurationList section */
		592341BA1F780ED800376CF1 /* Build configuration list for PBXProject "JGCLateralMenu" */ = {
			isa = XCConfigurationList;
			buildConfigurations = (
				592341CF1F780ED800376CF1 /* Debug */,
				592341D01F780ED800376CF1 /* Release */,
			);
			defaultConfigurationIsVisible = 0;
			defaultConfigurationName = Release;
		};
		592341D11F780ED800376CF1 /* Build configuration list for PBXNativeTarget "JGCLateralMenu" */ = {
			isa = XCConfigurationList;
			buildConfigurations = (
				592341D21F780ED800376CF1 /* Debug */,
				592341D31F780ED800376CF1 /* Release */,
			);
			defaultConfigurationIsVisible = 0;
			defaultConfigurationName = Release;
		};
/* End XCConfigurationList section */
	};
	rootObject = 592341B71F780ED800376CF1 /* Project object */;
}
